
Microsoft Visual Studio Solution File, Format Version 12.00
# Visual Studio Version 16
VisualStudioVersion = 16.0.32106.194
MinimumVisualStudioVersion = 10.0.40219.1
Project("{FAE04EC0-301F-11D3-BF4B-00C04F79EFBC}") = "AspDotNetWebApi1", "AspDotNetWebApi1\AspDotNetWebApi1.csproj", "{2AE8308F-6890-4D70-9190-7E5E0060277C}"
EndProject
Global
	GlobalSection(SolutionConfigurationPlatforms) = preSolution
		Debug|Any CPU = Debug|Any CPU
		Release|Any CPU = Release|Any CPU
	EndGlobalSection
	GlobalSection(ProjectConfigurationPlatforms) = postSolution
		{2AE8308F-6890-4D70-9190-7E5E0060277C}.Debug|Any CPU.ActiveCfg = Debug|Any CPU
		{2AE8308F-6890-4D70-9190-7E5E0060277C}.Debug|Any CPU.Build.0 = Debug|Any CPU
		{2AE8308F-6890-4D70-9190-7E5E0060277C}.Release|Any CPU.ActiveCfg = Release|Any CPU
		{2AE8308F-6890-4D70-9190-7E5E0060277C}.Release|Any CPU.Build.0 = Release|Any CPU
	EndGlobalSection
	GlobalSection(SolutionProperties) = preSolution
		HideSolutionNode = FALSE
	EndGlobalSection
	GlobalSection(ExtensibilityGlobals) = postSolution
		SolutionGuid = {C56D0B42-5701-414B-B276-FBAB04A338B0}
	EndGlobalSection
EndGlobal
